
Microsoft Visual Studio Solution File, Format Version 12.00
# Visual Studio Version 16
VisualStudioVersion = 16.0.30114.105
MinimumVisualStudioVersion = 10.0.40219.1
Project("{FAE04EC0-301F-11D3-BF4B-00C04F79EFBC}") = "DataAccess", "DataAccess\DataAccess.csproj", "{3553B35A-58CA-4ED7-9B46-14AD15549130}"
EndProject
Project("{FAE04EC0-301F-11D3-BF4B-00C04F79EFBC}") = "BusinessObjects", "BusinessObjects\BusinessObjects.csproj", "{62046D34-4CD8-4D0A-A552-B2C9A806A0F9}"
EndProject
Project("{FAE04EC0-301F-11D3-BF4B-00C04F79EFBC}") = "WebApp", "WebApp\WebApp.csproj", "{247950BB-8FB2-4677-BB9E-4AD5C53EBA29}"
EndProject
Global
	GlobalSection(SolutionConfigurationPlatforms) = preSolution
		Debug|Any CPU = Debug|Any CPU
		Release|Any CPU = Release|Any CPU
	EndGlobalSection
	GlobalSection(SolutionProperties) = preSolution
		HideSolutionNode = FALSE
	EndGlobalSection
	GlobalSection(ProjectConfigurationPlatforms) = postSolution
		{3553B35A-58CA-4ED7-9B46-14AD15549130}.Debug|Any CPU.ActiveCfg = Debug|Any CPU
		{3553B35A-58CA-4ED7-9B46-14AD15549130}.Debug|Any CPU.Build.0 = Debug|Any CPU
		{3553B35A-58CA-4ED7-9B46-14AD15549130}.Release|Any CPU.ActiveCfg = Release|Any CPU
		{3553B35A-58CA-4ED7-9B46-14AD15549130}.Release|Any CPU.Build.0 = Release|Any CPU
		{62046D34-4CD8-4D0A-A552-B2C9A806A0F9}.Debug|Any CPU.ActiveCfg = Debug|Any CPU
		{62046D34-4CD8-4D0A-A552-B2C9A806A0F9}.Debug|Any CPU.Build.0 = Debug|Any CPU
		{62046D34-4CD8-4D0A-A552-B2C9A806A0F9}.Release|Any CPU.ActiveCfg = Release|Any CPU
		{62046D34-4CD8-4D0A-A552-B2C9A806A0F9}.Release|Any CPU.Build.0 = Release|Any CPU
		{247950BB-8FB2-4677-BB9E-4AD5C53EBA29}.Debug|Any CPU.ActiveCfg = Debug|Any CPU
		{247950BB-8FB2-4677-BB9E-4AD5C53EBA29}.Debug|Any CPU.Build.0 = Debug|Any CPU
		{247950BB-8FB2-4677-BB9E-4AD5C53EBA29}.Release|Any CPU.ActiveCfg = Release|Any CPU
		{247950BB-8FB2-4677-BB9E-4AD5C53EBA29}.Release|Any CPU.Build.0 = Release|Any CPU
	EndGlobalSection
EndGlobal
